// !$*UTF8*$!
{
	archiveVersion = 1;
	classes = {
	};
	objectVersion = 56;
	objects = {

/* Begin PBXBuildFile section */
		513C76E42B304E79006C1A46 /* VideoModel.swift in Sources */ = {isa = PBXBuildFile; fileRef = 513C76E32B304E79006C1A46 /* VideoModel.swift */; };
		513C76E62B304EB4006C1A46 /* VideoListItemView.swift in Sources */ = {isa = PBXBuildFile; fileRef = 513C76E52B304EB4006C1A46 /* VideoListItemView.swift */; };
		513C76E82B317743006C1A46 /* VideoPlayerView.swift in Sources */ = {isa = PBXBuildFile; fileRef = 513C76E72B317743006C1A46 /* VideoPlayerView.swift */; };
		513C76EB2B31792E006C1A46 /* VideoPlayerHelper.swift in Sources */ = {isa = PBXBuildFile; fileRef = 513C76EA2B31792E006C1A46 /* VideoPlayerHelper.swift */; };
		513C76ED2B329F25006C1A46 /* LocationModel.swift in Sources */ = {isa = PBXBuildFile; fileRef = 513C76EC2B329F25006C1A46 /* LocationModel.swift */; };
		513C76EF2B32A625006C1A46 /* MapAnnotationView.swift in Sources */ = {isa = PBXBuildFile; fileRef = 513C76EE2B32A625006C1A46 /* MapAnnotationView.swift */; };
		513C76F12B32E02D006C1A46 /* MotionAnimationView.swift in Sources */ = {isa = PBXBuildFile; fileRef = 513C76F02B32E02C006C1A46 /* MotionAnimationView.swift */; };
		5158E76C2B2AA77600136AE7 /* AfricaApp.swift in Sources */ = {isa = PBXBuildFile; fileRef = 5158E76B2B2AA77600136AE7 /* AfricaApp.swift */; };
		5158E76E2B2AA77600136AE7 /* ContentView.swift in Sources */ = {isa = PBXBuildFile; fileRef = 5158E76D2B2AA77600136AE7 /* ContentView.swift */; };
		5158E7702B2AA77B00136AE7 /* Assets.xcassets in Resources */ = {isa = PBXBuildFile; fileRef = 5158E76F2B2AA77B00136AE7 /* Assets.xcassets */; };
		5158E7732B2AA77B00136AE7 /* Preview Assets.xcassets in Resources */ = {isa = PBXBuildFile; fileRef = 5158E7722B2AA77B00136AE7 /* Preview Assets.xcassets */; };
		5158E7842B2AA8FA00136AE7 /* cheetah.mp4 in Resources */ = {isa = PBXBuildFile; fileRef = 5158E77A2B2AA8FA00136AE7 /* cheetah.mp4 */; };
		5158E7852B2AA8FA00136AE7 /* giraffe.mp4 in Resources */ = {isa = PBXBuildFile; fileRef = 5158E77B2B2AA8FA00136AE7 /* giraffe.mp4 */; };
		5158E7862B2AA8FA00136AE7 /* rhino.mp4 in Resources */ = {isa = PBXBuildFile; fileRef = 5158E77C2B2AA8FA00136AE7 /* rhino.mp4 */; };
		5158E7872B2AA8FA00136AE7 /* lioness.mp4 in Resources */ = {isa = PBXBuildFile; fileRef = 5158E77D2B2AA8FA00136AE7 /* lioness.mp4 */; };
		5158E7882B2AA8FA00136AE7 /* elephant.mp4 in Resources */ = {isa = PBXBuildFile; fileRef = 5158E77E2B2AA8FA00136AE7 /* elephant.mp4 */; };
		5158E7892B2AA8FA00136AE7 /* zebra.mp4 in Resources */ = {isa = PBXBuildFile; fileRef = 5158E77F2B2AA8FA00136AE7 /* zebra.mp4 */; };
		5158E78A2B2AA8FA00136AE7 /* gorilla.mp4 in Resources */ = {isa = PBXBuildFile; fileRef = 5158E7802B2AA8FA00136AE7 /* gorilla.mp4 */; };
		5158E78B2B2AA8FA00136AE7 /* hippo.mp4 in Resources */ = {isa = PBXBuildFile; fileRef = 5158E7812B2AA8FA00136AE7 /* hippo.mp4 */; };
		5158E78C2B2AA8FA00136AE7 /* lion.mp4 in Resources */ = {isa = PBXBuildFile; fileRef = 5158E7822B2AA8FA00136AE7 /* lion.mp4 */; };
		5158E78D2B2AA8FA00136AE7 /* ostrich.mp4 in Resources */ = {isa = PBXBuildFile; fileRef = 5158E7832B2AA8FA00136AE7 /* ostrich.mp4 */; };
		5158E7932B2AA93500136AE7 /* videos.json in Resources */ = {isa = PBXBuildFile; fileRef = 5158E78F2B2AA93500136AE7 /* videos.json */; };
		5158E7942B2AA93500136AE7 /* covers.json in Resources */ = {isa = PBXBuildFile; fileRef = 5158E7902B2AA93500136AE7 /* covers.json */; };
		5158E7952B2AA93500136AE7 /* animals.json in Resources */ = {isa = PBXBuildFile; fileRef = 5158E7912B2AA93500136AE7 /* animals.json */; };
		5158E7962B2AA93500136AE7 /* locations.json in Resources */ = {isa = PBXBuildFile; fileRef = 5158E7922B2AA93500136AE7 /* locations.json */; };
		5158E79A2B2AAAEF00136AE7 /* VideoListView.swift in Sources */ = {isa = PBXBuildFile; fileRef = 5158E7992B2AAAEF00136AE7 /* VideoListView.swift */; };
		5158E79C2B2AAB0100136AE7 /* MapView.swift in Sources */ = {isa = PBXBuildFile; fileRef = 5158E79B2B2AAB0100136AE7 /* MapView.swift */; };
		5158E79E2B2AAB0F00136AE7 /* GalleryView.swift in Sources */ = {isa = PBXBuildFile; fileRef = 5158E79D2B2AAB0F00136AE7 /* GalleryView.swift */; };
		5158E7A02B2AAB1D00136AE7 /* MainView.swift in Sources */ = {isa = PBXBuildFile; fileRef = 5158E79F2B2AAB1D00136AE7 /* MainView.swift */; };
		5158E7A32B2AAE4E00136AE7 /* CoverImageView.swift in Sources */ = {isa = PBXBuildFile; fileRef = 5158E7A22B2AAE4E00136AE7 /* CoverImageView.swift */; };
		5158E7A62B2AAF5A00136AE7 /* CoverImageModel.swift in Sources */ = {isa = PBXBuildFile; fileRef = 5158E7A52B2AAF5A00136AE7 /* CoverImageModel.swift */; };
		5158E7A92B2AAFE300136AE7 /* CodableBundleExtension.swift in Sources */ = {isa = PBXBuildFile; fileRef = 5158E7A82B2AAFE300136AE7 /* CodableBundleExtension.swift */; };
		5158E7AB2B2AFF8800136AE7 /* AnimalListItemView.swift in Sources */ = {isa = PBXBuildFile; fileRef = 5158E7AA2B2AFF8800136AE7 /* AnimalListItemView.swift */; };
		5158E7AD2B2B00BE00136AE7 /* AnimalModel.swift in Sources */ = {isa = PBXBuildFile; fileRef = 5158E7AC2B2B00BE00136AE7 /* AnimalModel.swift */; };
		5158E7AF2B2B054700136AE7 /* AnimalDetailView.swift in Sources */ = {isa = PBXBuildFile; fileRef = 5158E7AE2B2B054700136AE7 /* AnimalDetailView.swift */; };
		5158E7B12B2B0A5400136AE7 /* HeadingView.swift in Sources */ = {isa = PBXBuildFile; fileRef = 5158E7B02B2B0A5400136AE7 /* HeadingView.swift */; };
		5158E7B32B2B0B0300136AE7 /* InsetGalleryView.swift in Sources */ = {isa = PBXBuildFile; fileRef = 5158E7B22B2B0B0300136AE7 /* InsetGalleryView.swift */; };
		5158E7B52B2C43CD00136AE7 /* InsetFactView.swift in Sources */ = {isa = PBXBuildFile; fileRef = 5158E7B42B2C43CD00136AE7 /* InsetFactView.swift */; };
		5158E7B72B2C45BD00136AE7 /* InsetMapView.swift in Sources */ = {isa = PBXBuildFile; fileRef = 5158E7B62B2C45BD00136AE7 /* InsetMapView.swift */; };
		5158E7B92B2C48E600136AE7 /* ExternalWebLinkView.swift in Sources */ = {isa = PBXBuildFile; fileRef = 5158E7B82B2C48E600136AE7 /* ExternalWebLinkView.swift */; };
/* End PBXBuildFile section */

/* Begin PBXFileReference section */
		513C76E32B304E79006C1A46 /* VideoModel.swift */ = {isa = PBXFileReference; lastKnownFileType = sourcecode.swift; path = VideoModel.swift; sourceTree = "<group>"; };
		513C76E52B304EB4006C1A46 /* VideoListItemView.swift */ = {isa = PBXFileReference; lastKnownFileType = sourcecode.swift; path = VideoListItemView.swift; sourceTree = "<group>"; };
		513C76E72B317743006C1A46 /* VideoPlayerView.swift */ = {isa = PBXFileReference; lastKnownFileType = sourcecode.swift; path = VideoPlayerView.swift; sourceTree = "<group>"; };
		513C76EA2B31792E006C1A46 /* VideoPlayerHelper.swift */ = {isa = PBXFileReference; lastKnownFileType = sourcecode.swift; path = VideoPlayerHelper.swift; sourceTree = "<group>"; };
		513C76EC2B329F25006C1A46 /* LocationModel.swift */ = {isa = PBXFileReference; lastKnownFileType = sourcecode.swift; path = LocationModel.swift; sourceTree = "<group>"; };
		513C76EE2B32A625006C1A46 /* MapAnnotationView.swift */ = {isa = PBXFileReference; lastKnownFileType = sourcecode.swift; path = MapAnnotationView.swift; sourceTree = "<group>"; };
		513C76F02B32E02C006C1A46 /* MotionAnimationView.swift */ = {isa = PBXFileReference; lastKnownFileType = sourcecode.swift; path = MotionAnimationView.swift; sourceTree = "<group>"; };
		5158E7682B2AA77600136AE7 /* Africa.app */ = {isa = PBXFileReference; explicitFileType = wrapper.application; includeInIndex = 0; path = Africa.app; sourceTree = BUILT_PRODUCTS_DIR; };
		5158E76B2B2AA77600136AE7 /* AfricaApp.swift */ = {isa = PBXFileReference; lastKnownFileType = sourcecode.swift; path = AfricaApp.swift; sourceTree = "<group>"; };
		5158E76D2B2AA77600136AE7 /* ContentView.swift */ = {isa = PBXFileReference; lastKnownFileType = sourcecode.swift; path = ContentView.swift; sourceTree = "<group>"; };
		5158E76F2B2AA77B00136AE7 /* Assets.xcassets */ = {isa = PBXFileReference; lastKnownFileType = folder.assetcatalog; path = Assets.xcassets; sourceTree = "<group>"; };
		5158E7722B2AA77B00136AE7 /* Preview Assets.xcassets */ = {isa = PBXFileReference; lastKnownFileType = folder.assetcatalog; path = "Preview Assets.xcassets"; sourceTree = "<group>"; };
		5158E77A2B2AA8FA00136AE7 /* cheetah.mp4 */ = {isa = PBXFileReference; lastKnownFileType = file; path = cheetah.mp4; sourceTree = "<group>"; };
		5158E77B2B2AA8FA00136AE7 /* giraffe.mp4 */ = {isa = PBXFileReference; lastKnownFileType = file; path = giraffe.mp4; sourceTree = "<group>"; };
		5158E77C2B2AA8FA00136AE7 /* rhino.mp4 */ = {isa = PBXFileReference; lastKnownFileType = file; path = rhino.mp4; sourceTree = "<group>"; };
		5158E77D2B2AA8FA00136AE7 /* lioness.mp4 */ = {isa = PBXFileReference; lastKnownFileType = file; path = lioness.mp4; sourceTree = "<group>"; };
		5158E77E2B2AA8FA00136AE7 /* elephant.mp4 */ = {isa = PBXFileReference; lastKnownFileType = file; path = elephant.mp4; sourceTree = "<group>"; };
		5158E77F2B2AA8FA00136AE7 /* zebra.mp4 */ = {isa = PBXFileReference; lastKnownFileType = file; path = zebra.mp4; sourceTree = "<group>"; };
		5158E7802B2AA8FA00136AE7 /* gorilla.mp4 */ = {isa = PBXFileReference; lastKnownFileType = file; path = gorilla.mp4; sourceTree = "<group>"; };
		5158E7812B2AA8FA00136AE7 /* hippo.mp4 */ = {isa = PBXFileReference; lastKnownFileType = file; path = hippo.mp4; sourceTree = "<group>"; };
		5158E7822B2AA8FA00136AE7 /* lion.mp4 */ = {isa = PBXFileReference; lastKnownFileType = file; path = lion.mp4; sourceTree = "<group>"; };
		5158E7832B2AA8FA00136AE7 /* ostrich.mp4 */ = {isa = PBXFileReference; lastKnownFileType = file; path = ostrich.mp4; sourceTree = "<group>"; };
		5158E78F2B2AA93500136AE7 /* videos.json */ = {isa = PBXFileReference; fileEncoding = 4; lastKnownFileType = text.json; path = videos.json; sourceTree = "<group>"; };
		5158E7902B2AA93500136AE7 /* covers.json */ = {isa = PBXFileReference; fileEncoding = 4; lastKnownFileType = text.json; path = covers.json; sourceTree = "<group>"; };
		5158E7912B2AA93500136AE7 /* animals.json */ = {isa = PBXFileReference; fileEncoding = 4; lastKnownFileType = text.json; path = animals.json; sourceTree = "<group>"; };
		5158E7922B2AA93500136AE7 /* locations.json */ = {isa = PBXFileReference; fileEncoding = 4; lastKnownFileType = text.json; path = locations.json; sourceTree = "<group>"; };
		5158E7972B2AA9FE00136AE7 /* Info.plist */ = {isa = PBXFileReference; lastKnownFileType = text.plist; path = Info.plist; sourceTree = "<group>"; };
		5158E7992B2AAAEF00136AE7 /* VideoListView.swift */ = {isa = PBXFileReference; lastKnownFileType = sourcecode.swift; path = VideoListView.swift; sourceTree = "<group>"; };
		5158E79B2B2AAB0100136AE7 /* MapView.swift */ = {isa = PBXFileReference; lastKnownFileType = sourcecode.swift; path = MapView.swift; sourceTree = "<group>"; };
		5158E79D2B2AAB0F00136AE7 /* GalleryView.swift */ = {isa = PBXFileReference; lastKnownFileType = sourcecode.swift; path = GalleryView.swift; sourceTree = "<group>"; };
		5158E79F2B2AAB1D00136AE7 /* MainView.swift */ = {isa = PBXFileReference; lastKnownFileType = sourcecode.swift; path = MainView.swift; sourceTree = "<group>"; };
		5158E7A22B2AAE4E00136AE7 /* CoverImageView.swift */ = {isa = PBXFileReference; lastKnownFileType = sourcecode.swift; path = CoverImageView.swift; sourceTree = "<group>"; };
		5158E7A52B2AAF5A00136AE7 /* CoverImageModel.swift */ = {isa = PBXFileReference; lastKnownFileType = sourcecode.swift; path = CoverImageModel.swift; sourceTree = "<group>"; };
		5158E7A82B2AAFE300136AE7 /* CodableBundleExtension.swift */ = {isa = PBXFileReference; lastKnownFileType = sourcecode.swift; path = CodableBundleExtension.swift; sourceTree = "<group>"; };
		5158E7AA2B2AFF8800136AE7 /* AnimalListItemView.swift */ = {isa = PBXFileReference; lastKnownFileType = sourcecode.swift; path = AnimalListItemView.swift; sourceTree = "<group>"; };
		5158E7AC2B2B00BE00136AE7 /* AnimalModel.swift */ = {isa = PBXFileReference; lastKnownFileType = sourcecode.swift; path = AnimalModel.swift; sourceTree = "<group>"; };
		5158E7AE2B2B054700136AE7 /* AnimalDetailView.swift */ = {isa = PBXFileReference; lastKnownFileType = sourcecode.swift; path = AnimalDetailView.swift; sourceTree = "<group>"; };
		5158E7B02B2B0A5400136AE7 /* HeadingView.swift */ = {isa = PBXFileReference; lastKnownFileType = sourcecode.swift; path = HeadingView.swift; sourceTree = "<group>"; };
		5158E7B22B2B0B0300136AE7 /* InsetGalleryView.swift */ = {isa = PBXFileReference; lastKnownFileType = sourcecode.swift; path = InsetGalleryView.swift; sourceTree = "<group>"; };
		5158E7B42B2C43CD00136AE7 /* InsetFactView.swift */ = {isa = PBXFileReference; lastKnownFileType = sourcecode.swift; path = InsetFactView.swift; sourceTree = "<group>"; };
		5158E7B62B2C45BD00136AE7 /* InsetMapView.swift */ = {isa = PBXFileReference; lastKnownFileType = sourcecode.swift; path = InsetMapView.swift; sourceTree = "<group>"; };
		5158E7B82B2C48E600136AE7 /* ExternalWebLinkView.swift */ = {isa = PBXFileReference; lastKnownFileType = sourcecode.swift; path = ExternalWebLinkView.swift; sourceTree = "<group>"; };
/* End PBXFileReference section */

/* Begin PBXFrameworksBuildPhase section */
		5158E7652B2AA77600136AE7 /* Frameworks */ = {
			isa = PBXFrameworksBuildPhase;
			buildActionMask = 2147483647;
			files = (
			);
			runOnlyForDeploymentPostprocessing = 0;
		};
/* End PBXFrameworksBuildPhase section */

/* Begin PBXGroup section */
		513C76E92B317917006C1A46 /* Helper */ = {
			isa = PBXGroup;
			children = (
				513C76EA2B31792E006C1A46 /* VideoPlayerHelper.swift */,
			);
			path = Helper;
			sourceTree = "<group>";
		};
		5158E75F2B2AA77600136AE7 = {
			isa = PBXGroup;
			children = (
				5158E76A2B2AA77600136AE7 /* Africa */,
				5158E7692B2AA77600136AE7 /* Products */,
			);
			sourceTree = "<group>";
		};
		5158E7692B2AA77600136AE7 /* Products */ = {
			isa = PBXGroup;
			children = (
				5158E7682B2AA77600136AE7 /* Africa.app */,
			);
			name = Products;
			sourceTree = "<group>";
		};
		5158E76A2B2AA77600136AE7 /* Africa */ = {
			isa = PBXGroup;
			children = (
				5158E7972B2AA9FE00136AE7 /* Info.plist */,
				513C76E92B317917006C1A46 /* Helper */,
				5158E7A72B2AAFD500136AE7 /* Extension */,
				5158E7A42B2AAF4800136AE7 /* Model */,
				5158E7A12B2AAE3F00136AE7 /* View */,
				5158E7982B2AAAAE00136AE7 /* App */,
				5158E78E2B2AA92000136AE7 /* Data */,
				5158E7792B2AA8DE00136AE7 /* Video */,
				5158E76F2B2AA77B00136AE7 /* Assets.xcassets */,
				5158E7712B2AA77B00136AE7 /* Preview Content */,
			);
			path = Africa;
			sourceTree = "<group>";
		};
		5158E7712B2AA77B00136AE7 /* Preview Content */ = {
			isa = PBXGroup;
			children = (
				5158E7722B2AA77B00136AE7 /* Preview Assets.xcassets */,
			);
			path = "Preview Content";
			sourceTree = "<group>";
		};
		5158E7792B2AA8DE00136AE7 /* Video */ = {
			isa = PBXGroup;
			children = (
				5158E77A2B2AA8FA00136AE7 /* cheetah.mp4 */,
				5158E77E2B2AA8FA00136AE7 /* elephant.mp4 */,
				5158E77B2B2AA8FA00136AE7 /* giraffe.mp4 */,
				5158E7802B2AA8FA00136AE7 /* gorilla.mp4 */,
				5158E7812B2AA8FA00136AE7 /* hippo.mp4 */,
				5158E7822B2AA8FA00136AE7 /* lion.mp4 */,
				5158E77D2B2AA8FA00136AE7 /* lioness.mp4 */,
				5158E7832B2AA8FA00136AE7 /* ostrich.mp4 */,
				5158E77C2B2AA8FA00136AE7 /* rhino.mp4 */,
				5158E77F2B2AA8FA00136AE7 /* zebra.mp4 */,
			);
			path = Video;
			sourceTree = "<group>";
		};
		5158E78E2B2AA92000136AE7 /* Data */ = {
			isa = PBXGroup;
			children = (
				5158E7912B2AA93500136AE7 /* animals.json */,
				5158E7902B2AA93500136AE7 /* covers.json */,
				5158E7922B2AA93500136AE7 /* locations.json */,
				5158E78F2B2AA93500136AE7 /* videos.json */,
			);
			path = Data;
			sourceTree = "<group>";
		};
		5158E7982B2AAAAE00136AE7 /* App */ = {
			isa = PBXGroup;
			children = (
				5158E76B2B2AA77600136AE7 /* AfricaApp.swift */,
				5158E76D2B2AA77600136AE7 /* ContentView.swift */,
				5158E7992B2AAAEF00136AE7 /* VideoListView.swift */,
				5158E79B2B2AAB0100136AE7 /* MapView.swift */,
				5158E79D2B2AAB0F00136AE7 /* GalleryView.swift */,
				5158E79F2B2AAB1D00136AE7 /* MainView.swift */,
			);
			path = App;
			sourceTree = "<group>";
		};
		5158E7A12B2AAE3F00136AE7 /* View */ = {
			isa = PBXGroup;
			children = (
				5158E7A22B2AAE4E00136AE7 /* CoverImageView.swift */,
				5158E7AA2B2AFF8800136AE7 /* AnimalListItemView.swift */,
				5158E7AE2B2B054700136AE7 /* AnimalDetailView.swift */,
				5158E7B02B2B0A5400136AE7 /* HeadingView.swift */,
				5158E7B22B2B0B0300136AE7 /* InsetGalleryView.swift */,
				5158E7B42B2C43CD00136AE7 /* InsetFactView.swift */,
				5158E7B62B2C45BD00136AE7 /* InsetMapView.swift */,
				5158E7B82B2C48E600136AE7 /* ExternalWebLinkView.swift */,
				513C76E52B304EB4006C1A46 /* VideoListItemView.swift */,
				513C76E72B317743006C1A46 /* VideoPlayerView.swift */,
				513C76EE2B32A625006C1A46 /* MapAnnotationView.swift */,
				513C76F02B32E02C006C1A46 /* MotionAnimationView.swift */,
			);
			path = View;
			sourceTree = "<group>";
		};
		5158E7A42B2AAF4800136AE7 /* Model */ = {
			isa = PBXGroup;
			children = (
				5158E7A52B2AAF5A00136AE7 /* CoverImageModel.swift */,
				5158E7AC2B2B00BE00136AE7 /* AnimalModel.swift */,
				513C76E32B304E79006C1A46 /* VideoModel.swift */,
				513C76EC2B329F25006C1A46 /* LocationModel.swift */,
			);
			path = Model;
			sourceTree = "<group>";
		};
		5158E7A72B2AAFD500136AE7 /* Extension */ = {
			isa = PBXGroup;
			children = (
				5158E7A82B2AAFE300136AE7 /* CodableBundleExtension.swift */,
			);
			path = Extension;
			sourceTree = "<group>";
		};
/* End PBXGroup section */

/* Begin PBXNativeTarget section */
		5158E7672B2AA77600136AE7 /* Africa */ = {
			isa = PBXNativeTarget;
			buildConfigurationList = 5158E7762B2AA77B00136AE7 /* Build configuration list for PBXNativeTarget "Africa" */;
			buildPhases = (
				5158E7642B2AA77600136AE7 /* Sources */,
				5158E7652B2AA77600136AE7 /* Frameworks */,
				5158E7662B2AA77600136AE7 /* Resources */,
			);
			buildRules = (
			);
			dependencies = (
			);
			name = Africa;
			productName = Africa;
			productReference = 5158E7682B2AA77600136AE7 /* Africa.app */;
			productType = "com.apple.product-type.application";
		};
/* End PBXNativeTarget section */

/* Begin PBXProject section */
		5158E7602B2AA77600136AE7 /* Project object */ = {
			isa = PBXProject;
			attributes = {
				BuildIndependentTargetsInParallel = 1;
				LastSwiftUpdateCheck = 1500;
				LastUpgradeCheck = 1500;
				TargetAttributes = {
					5158E7672B2AA77600136AE7 = {
						CreatedOnToolsVersion = 15.0;
					};
				};
			};
			buildConfigurationList = 5158E7632B2AA77600136AE7 /* Build configuration list for PBXProject "Africa" */;
			compatibilityVersion = "Xcode 14.0";
			developmentRegion = en;
			hasScannedForEncodings = 0;
			knownRegions = (
				en,
				Base,
			);
			mainGroup = 5158E75F2B2AA77600136AE7;
			productRefGroup = 5158E7692B2AA77600136AE7 /* Products */;
			projectDirPath = "";
			projectRoot = "";
			targets = (
				5158E7672B2AA77600136AE7 /* Africa */,
			);
		};
/* End PBXProject section */

/* Begin PBXResourcesBuildPhase section */
		5158E7662B2AA77600136AE7 /* Resources */ = {
			isa = PBXResourcesBuildPhase;
			buildActionMask = 2147483647;
			files = (
				5158E7952B2AA93500136AE7 /* animals.json in Resources */,
				5158E78B2B2AA8FA00136AE7 /* hippo.mp4 in Resources */,
				5158E7962B2AA93500136AE7 /* locations.json in Resources */,
				5158E7732B2AA77B00136AE7 /* Preview Assets.xcassets in Resources */,
				5158E78A2B2AA8FA00136AE7 /* gorilla.mp4 in Resources */,
				5158E7702B2AA77B00136AE7 /* Assets.xcassets in Resources */,
				5158E7932B2AA93500136AE7 /* videos.json in Resources */,
				5158E7852B2AA8FA00136AE7 /* giraffe.mp4 in Resources */,
				5158E7862B2AA8FA00136AE7 /* rhino.mp4 in Resources */,
				5158E7942B2AA93500136AE7 /* covers.json in Resources */,
				5158E78D2B2AA8FA00136AE7 /* ostrich.mp4 in Resources */,
				5158E7892B2AA8FA00136AE7 /* zebra.mp4 in Resources */,
				5158E7882B2AA8FA00136AE7 /* elephant.mp4 in Resources */,
				5158E78C2B2AA8FA00136AE7 /* lion.mp4 in Resources */,
				5158E7842B2AA8FA00136AE7 /* cheetah.mp4 in Resources */,
				5158E7872B2AA8FA00136AE7 /* lioness.mp4 in Resources */,
			);
			runOnlyForDeploymentPostprocessing = 0;
		};
/* End PBXResourcesBuildPhase section */

/* Begin PBXSourcesBuildPhase section */
		5158E7642B2AA77600136AE7 /* Sources */ = {
			isa = PBXSourcesBuildPhase;
			buildActionMask = 2147483647;
			files = (
				5158E76E2B2AA77600136AE7 /* ContentView.swift in Sources */,
				5158E7AB2B2AFF8800136AE7 /* AnimalListItemView.swift in Sources */,
				5158E7A02B2AAB1D00136AE7 /* MainView.swift in Sources */,
				5158E7B52B2C43CD00136AE7 /* InsetFactView.swift in Sources */,
				5158E7A32B2AAE4E00136AE7 /* CoverImageView.swift in Sources */,
				5158E7A62B2AAF5A00136AE7 /* CoverImageModel.swift in Sources */,
				5158E7AF2B2B054700136AE7 /* AnimalDetailView.swift in Sources */,
				5158E7AD2B2B00BE00136AE7 /* AnimalModel.swift in Sources */,
				5158E79C2B2AAB0100136AE7 /* MapView.swift in Sources */,
				5158E7B72B2C45BD00136AE7 /* InsetMapView.swift in Sources */,
				513C76EB2B31792E006C1A46 /* VideoPlayerHelper.swift in Sources */,
				5158E76C2B2AA77600136AE7 /* AfricaApp.swift in Sources */,
				5158E7B92B2C48E600136AE7 /* ExternalWebLinkView.swift in Sources */,
				513C76EF2B32A625006C1A46 /* MapAnnotationView.swift in Sources */,
				5158E79A2B2AAAEF00136AE7 /* VideoListView.swift in Sources */,
				513C76E42B304E79006C1A46 /* VideoModel.swift in Sources */,
				5158E79E2B2AAB0F00136AE7 /* GalleryView.swift in Sources */,
				513C76ED2B329F25006C1A46 /* LocationModel.swift in Sources */,
				5158E7B32B2B0B0300136AE7 /* InsetGalleryView.swift in Sources */,
				513C76E62B304EB4006C1A46 /* VideoListItemView.swift in Sources */,
				5158E7A92B2AAFE300136AE7 /* CodableBundleExtension.swift in Sources */,
				513C76F12B32E02D006C1A46 /* MotionAnimationView.swift in Sources */,
				5158E7B12B2B0A5400136AE7 /* HeadingView.swift in Sources */,
				513C76E82B317743006C1A46 /* VideoPlayerView.swift in Sources */,
			);
			runOnlyForDeploymentPostprocessing = 0;
		};
/* End PBXSourcesBuildPhase section */

/* Begin XCBuildConfiguration section */
		5158E7742B2AA77B00136AE7 /* Debug */ = {
			isa = XCBuildConfiguration;
			buildSettings = {
				ALWAYS_SEARCH_USER_PATHS = NO;
				ASSETCATALOG_COMPILER_GENERATE_SWIFT_ASSET_SYMBOL_EXTENSIONS = YES;
				CLANG_ANALYZER_NONNULL = YES;
				CLANG_ANALYZER_NUMBER_OBJECT_CONVERSION = YES_AGGRESSIVE;
				CLANG_CXX_LANGUAGE_STANDARD = "gnu++20";
				CLANG_ENABLE_MODULES = YES;
				CLANG_ENABLE_OBJC_ARC = YES;
				CLANG_ENABLE_OBJC_WEAK = YES;
				CLANG_WARN_BLOCK_CAPTURE_AUTORELEASING = YES;
				CLANG_WARN_BOOL_CONVERSION = YES;
				CLANG_WARN_COMMA = YES;
				CLANG_WARN_CONSTANT_CONVERSION = YES;
				CLANG_WARN_DEPRECATED_OBJC_IMPLEMENTATIONS = YES;
				CLANG_WARN_DIRECT_OBJC_ISA_USAGE = YES_ERROR;
				CLANG_WARN_DOCUMENTATION_COMMENTS = YES;
				CLANG_WARN_EMPTY_BODY = YES;
				CLANG_WARN_ENUM_CONVERSION = YES;
				CLANG_WARN_INFINITE_RECURSION = YES;
				CLANG_WARN_INT_CONVERSION = YES;
				CLANG_WARN_NON_LITERAL_NULL_CONVERSION = YES;
				CLANG_WARN_OBJC_IMPLICIT_RETAIN_SELF = YES;
				CLANG_WARN_OBJC_LITERAL_CONVERSION = YES;
				CLANG_WARN_OBJC_ROOT_CLASS = YES_ERROR;
				CLANG_WARN_QUOTED_INCLUDE_IN_FRAMEWORK_HEADER = YES;
				CLANG_WARN_RANGE_LOOP_ANALYSIS = YES;
				CLANG_WARN_STRICT_PROTOTYPES = YES;
				CLANG_WARN_SUSPICIOUS_MOVE = YES;
				CLANG_WARN_UNGUARDED_AVAILABILITY = YES_AGGRESSIVE;
				CLANG_WARN_UNREACHABLE_CODE = YES;
				CLANG_WARN__DUPLICATE_METHOD_MATCH = YES;
				COPY_PHASE_STRIP = NO;
				DEBUG_INFORMATION_FORMAT = dwarf;
				ENABLE_STRICT_OBJC_MSGSEND = YES;
				ENABLE_TESTABILITY = YES;
				ENABLE_USER_SCRIPT_SANDBOXING = YES;
				GCC_C_LANGUAGE_STANDARD = gnu17;
				GCC_DYNAMIC_NO_PIC = NO;
				GCC_NO_COMMON_BLOCKS = YES;
				GCC_OPTIMIZATION_LEVEL = 0;
				GCC_PREPROCESSOR_DEFINITIONS = (
					"DEBUG=1",
					"$(inherited)",
				);
				GCC_WARN_64_TO_32_BIT_CONVERSION = YES;
				GCC_WARN_ABOUT_RETURN_TYPE = YES_ERROR;
				GCC_WARN_UNDECLARED_SELECTOR = YES;
				GCC_WARN_UNINITIALIZED_AUTOS = YES_AGGRESSIVE;
				GCC_WARN_UNUSED_FUNCTION = YES;
				GCC_WARN_UNUSED_VARIABLE = YES;
				IPHONEOS_DEPLOYMENT_TARGET = 17.0;
				LOCALIZATION_PREFERS_STRING_CATALOGS = YES;
				MTL_ENABLE_DEBUG_INFO = INCLUDE_SOURCE;
				MTL_FAST_MATH = YES;
				ONLY_ACTIVE_ARCH = YES;
				SDKROOT = iphoneos;
				SWIFT_ACTIVE_COMPILATION_CONDITIONS = "DEBUG $(inherited)";
				SWIFT_OPTIMIZATION_LEVEL = "-Onone";
			};
			name = Debug;
		};
		5158E7752B2AA77B00136AE7 /* Release */ = {
			isa = XCBuildConfiguration;
			buildSettings = {
				ALWAYS_SEARCH_USER_PATHS = NO;
				ASSETCATALOG_COMPILER_GENERATE_SWIFT_ASSET_SYMBOL_EXTENSIONS = YES;
				CLANG_ANALYZER_NONNULL = YES;
				CLANG_ANALYZER_NUMBER_OBJECT_CONVERSION = YES_AGGRESSIVE;
				CLANG_CXX_LANGUAGE_STANDARD = "gnu++20";
				CLANG_ENABLE_MODULES = YES;
				CLANG_ENABLE_OBJC_ARC = YES;
				CLANG_ENABLE_OBJC_WEAK = YES;
				CLANG_WARN_BLOCK_CAPTURE_AUTORELEASING = YES;
				CLANG_WARN_BOOL_CONVERSION = YES;
				CLANG_WARN_COMMA = YES;
				CLANG_WARN_CONSTANT_CONVERSION = YES;
				CLANG_WARN_DEPRECATED_OBJC_IMPLEMENTATIONS = YES;
				CLANG_WARN_DIRECT_OBJC_ISA_USAGE = YES_ERROR;
				CLANG_WARN_DOCUMENTATION_COMMENTS = YES;
				CLANG_WARN_EMPTY_BODY = YES;
				CLANG_WARN_ENUM_CONVERSION = YES;
				CLANG_WARN_INFINITE_RECURSION = YES;
				CLANG_WARN_INT_CONVERSION = YES;
				CLANG_WARN_NON_LITERAL_NULL_CONVERSION = YES;
				CLANG_WARN_OBJC_IMPLICIT_RETAIN_SELF = YES;
				CLANG_WARN_OBJC_LITERAL_CONVERSION = YES;
				CLANG_WARN_OBJC_ROOT_CLASS = YES_ERROR;
				CLANG_WARN_QUOTED_INCLUDE_IN_FRAMEWORK_HEADER = YES;
				CLANG_WARN_RANGE_LOOP_ANALYSIS = YES;
				CLANG_WARN_STRICT_PROTOTYPES = YES;
				CLANG_WARN_SUSPICIOUS_MOVE = YES;
				CLANG_WARN_UNGUARDED_AVAILABILITY = YES_AGGRESSIVE;
				CLANG_WARN_UNREACHABLE_CODE = YES;
				CLANG_WARN__DUPLICATE_METHOD_MATCH = YES;
				COPY_PHASE_STRIP = NO;
				DEBUG_INFORMATION_FORMAT = "dwarf-with-dsym";
				ENABLE_NS_ASSERTIONS = NO;
				ENABLE_STRICT_OBJC_MSGSEND = YES;
				ENABLE_USER_SCRIPT_SANDBOXING = YES;
				GCC_C_LANGUAGE_STANDARD = gnu17;
				GCC_NO_COMMON_BLOCKS = YES;
				GCC_WARN_64_TO_32_BIT_CONVERSION = YES;
				GCC_WARN_ABOUT_RETURN_TYPE = YES_ERROR;
				GCC_WARN_UNDECLARED_SELECTOR = YES;
				GCC_WARN_UNINITIALIZED_AUTOS = YES_AGGRESSIVE;
				GCC_WARN_UNUSED_FUNCTION = YES;
				GCC_WARN_UNUSED_VARIABLE = YES;
				IPHONEOS_DEPLOYMENT_TARGET = 17.0;
				LOCALIZATION_PREFERS_STRING_CATALOGS = YES;
				MTL_ENABLE_DEBUG_INFO = NO;
				MTL_FAST_MATH = YES;
				SDKROOT = iphoneos;
				SWIFT_COMPILATION_MODE = wholemodule;
				VALIDATE_PRODUCT = YES;
			};
			name = Release;
		};
		5158E7772B2AA77B00136AE7 /* Debug */ = {
			isa = XCBuildConfiguration;
			buildSettings = {
				ASSETCATALOG_COMPILER_APPICON_NAME = AppIcon;
				ASSETCATALOG_COMPILER_GLOBAL_ACCENT_COLOR_NAME = AccentColor;
				CODE_SIGN_STYLE = Automatic;
				CURRENT_PROJECT_VERSION = 1;
				DEVELOPMENT_ASSET_PATHS = "\"Africa/Preview Content\"";
				DEVELOPMENT_TEAM = SHR59DG262;
				ENABLE_PREVIEWS = YES;
				GENERATE_INFOPLIST_FILE = YES;
				INFOPLIST_FILE = Africa/Info.plist;
				INFOPLIST_KEY_UIApplicationSceneManifest_Generation = YES;
				INFOPLIST_KEY_UIApplicationSupportsIndirectInputEvents = YES;
				INFOPLIST_KEY_UISupportedInterfaceOrientations_iPad = "UIInterfaceOrientationPortrait UIInterfaceOrientationPortraitUpsideDown UIInterfaceOrientationLandscapeLeft UIInterfaceOrientationLandscapeRight";
				INFOPLIST_KEY_UISupportedInterfaceOrientations_iPhone = "UIInterfaceOrientationPortrait UIInterfaceOrientationLandscapeLeft UIInterfaceOrientationLandscapeRight";
				INFOPLIST_KEY_UIUserInterfaceStyle = Dark;
				LD_RUNPATH_SEARCH_PATHS = (
					"$(inherited)",
					"@executable_path/Frameworks",
				);
				MARKETING_VERSION = 1.0;
				PRODUCT_BUNDLE_IDENTIFIER = com.jonathanRicky.Africa;
				PRODUCT_NAME = "$(TARGET_NAME)";
				SWIFT_EMIT_LOC_STRINGS = YES;
				SWIFT_VERSION = 5.0;
				TARGETED_DEVICE_FAMILY = "1,2";
			};
			name = Debug;
		};
		5158E7782B2AA77B00136AE7 /* Release */ = {
			isa = XCBuildConfiguration;
			buildSettings = {
				ASSETCATALOG_COMPILER_APPICON_NAME = AppIcon;
				ASSETCATALOG_COMPILER_GLOBAL_ACCENT_COLOR_NAME = AccentColor;
				CODE_SIGN_STYLE = Automatic;
				CURRENT_PROJECT_VERSION = 1;
				DEVELOPMENT_ASSET_PATHS = "\"Africa/Preview Content\"";
				DEVELOPMENT_TEAM = SHR59DG262;
				ENABLE_PREVIEWS = YES;
				GENERATE_INFOPLIST_FILE = YES;
				INFOPLIST_FILE = Africa/Info.plist;
				INFOPLIST_KEY_UIApplicationSceneManifest_Generation = YES;
				INFOPLIST_KEY_UIApplicationSupportsIndirectInputEvents = YES;
				INFOPLIST_KEY_UISupportedInterfaceOrientations_iPad = "UIInterfaceOrientationPortrait UIInterfaceOrientationPortraitUpsideDown UIInterfaceOrientationLandscapeLeft UIInterfaceOrientationLandscapeRight";
				INFOPLIST_KEY_UISupportedInterfaceOrientations_iPhone = "UIInterfaceOrientationPortrait UIInterfaceOrientationLandscapeLeft UIInterfaceOrientationLandscapeRight";
				INFOPLIST_KEY_UIUserInterfaceStyle = Dark;
				LD_RUNPATH_SEARCH_PATHS = (
					"$(inherited)",
					"@executable_path/Frameworks",
				);
				MARKETING_VERSION = 1.0;
				PRODUCT_BUNDLE_IDENTIFIER = com.jonathanRicky.Africa;
				PRODUCT_NAME = "$(TARGET_NAME)";
				SWIFT_EMIT_LOC_STRINGS = YES;
				SWIFT_VERSION = 5.0;
				TARGETED_DEVICE_FAMILY = "1,2";
			};
			name = Release;
		};
/* End XCBuildConfiguration section */

/* Begin XCConfigurationList section */
		5158E7632B2AA77600136AE7 /* Build configuration list for PBXProject "Africa" */ = {
			isa = XCConfigurationList;
			buildConfigurations = (
				5158E7742B2AA77B00136AE7 /* Debug */,
				5158E7752B2AA77B00136AE7 /* Release */,
			);
			defaultConfigurationIsVisible = 0;
			defaultConfigurationName = Release;
		};
		5158E7762B2AA77B00136AE7 /* Build configuration list for PBXNativeTarget "Africa" */ = {
			isa = XCConfigurationList;
			buildConfigurations = (
				5158E7772B2AA77B00136AE7 /* Debug */,
				5158E7782B2AA77B00136AE7 /* Release */,
			);
			defaultConfigurationIsVisible = 0;
			defaultConfigurationName = Release;
		};
/* End XCConfigurationList section */
	};
	rootObject = 5158E7602B2AA77600136AE7 /* Project object */;
}
